
Microsoft Visual Studio Solution File, Format Version 12.00
# Visual Studio 15
VisualStudioVersion = 15.0.28307.1800
MinimumVisualStudioVersion = 10.0.40219.1
Project("{FAE04EC0-301F-11D3-BF4B-00C04F79EFBC}") = "SmartValve2Control", "SmartValve2Control\SmartValve2Control.csproj", "{A9D89CE6-54CF-4722-B85C-86178E06662D}"
EndProject
Global
	GlobalSection(SolutionConfigurationPlatforms) = preSolution
		Debug|Any CPU = Debug|Any CPU
		Release|Any CPU = Release|Any CPU
	EndGlobalSection
	GlobalSection(ProjectConfigurationPlatforms) = postSolution
		{A9D89CE6-54CF-4722-B85C-86178E06662D}.Debug|Any CPU.ActiveCfg = Debug|Any CPU
		{A9D89CE6-54CF-4722-B85C-86178E06662D}.Debug|Any CPU.Build.0 = Debug|Any CPU
		{A9D89CE6-54CF-4722-B85C-86178E06662D}.Release|Any CPU.ActiveCfg = Release|Any CPU
		{A9D89CE6-54CF-4722-B85C-86178E06662D}.Release|Any CPU.Build.0 = Release|Any CPU
	EndGlobalSection
	GlobalSection(SolutionProperties) = preSolution
		HideSolutionNode = FALSE
	EndGlobalSection
	GlobalSection(ExtensibilityGlobals) = postSolution
		SolutionGuid = {96C52413-EADB-42D7-A2AE-D552F9DCB936}
	EndGlobalSection
EndGlobal
